github.com/tabnas/alchemy/go v0.2.3 h1:Dr7adZlp77+CLyV3fZzShHzmPojdszo9QWGfzVQPVSM=
github.com/tabnas/alchemy/go v0.2.3/go.mod h1:wSxAa/6MRQ6n1BiENYar99Ac1+aZpMksiLL3xoBVpo8=
github.com/tabnas/csv/go v0.6.5 h1:xGl7kSa2+Gt5Uy0jYmZZhnl3fV5p+AsOgLE8VZsh2Yo=
github.com/tabnas/csv/go v0.6.5/go.mod h1:NtRvCHv9XiIoJRWqLNVzTrKPzOV6HyvidSH7iIbQtJY=
github.com/tabnas/debug/go v0.3.13 h1:Y4iIyMVftR6uZgOYmVmWy9WpWeAsYHNF4UwIuIqp1bg=
github.com/tabnas/debug/go v0.3.13/go.mod h1:tfu9bTyKlwrYdmKItt6LrGKKckCrWcNCrHMGzSxMcbM=
github.com/tabnas/feed/go v0.6.15 h1:Ja6QuipQi3QeP7qDY36HYKCvJV51Xcu6USCLbehM+Sk=
github.com/tabnas/feed/go v0.6.15/go.mod h1:mPi+vwvXR/gBPF2fLXhykWrqOeu5kkGd+dsCITYc+0Q=
github.com/tabnas/hoover/go v0.3.14 h1:4GxBwo4ktLMSXBlkibQRNv7SanaWwRJ4kFZj5lQc1m0=
github.com/tabnas/hoover/go v0.3.14/go.mod h1:FB/9Zpm0JynFdXZHFUvANyzFgBN+X+pUU3mXJW4Gi4c=
github.com/tabnas/ini/go v0.5.17 h1:ZCkP3Ym11yk6xS3ci6BHctG4a1kEEPq5Fpku26U6P4w=
github.com/tabnas/ini/go v0.5.17/go.mod h1:ufMkwNt15WDQ5O9te7dHoINp7S0qIOCfR4dctm/j7n8=
github.com/tabnas/json/go v0.5.16 h1:EwzIM1kSnitilNaKqNJA8JafUnE0JFTGoOkNDJidHW0=
github.com/tabnas/json/go v0.5.16/go.mod h1:/qUygHwLn6MsT18aRarklm7oAKXmED51FXpn7oZhSYo=
github.com/tabnas/json5/go v0.5.14 h1:fwSD5zNSCJXH59+f645weMuUgbxcO4/KNmRrS7M9Khs=
github.com/tabnas/json5/go v0.5.14/go.mod h1:dSEDXewrmld2wQ9IpyeVDdW8jnFgX1kqknoujsGp8AQ=
github.com/tabnas/jsonc/go v0.5.13 h1:7SDnqI/18DuwIwMvR98RtiCfPTNX8DOg6gZEoCzHA9g=
github.com/tabnas/jsonc/go v0.5.13/go.mod h1:WnJJIcKQ2AyFRufUH7oA9t81ZLg60IOc0ytu4OeJP18=
github.com/tabnas/jsonic/go v0.7.8 h1:kVatHaWDdGbbyZNyKgI9Eu66HncygLM0eoOtztlgNyA=
github.com/tabnas/jsonic/go v0.7.8/go.mod h1:qPMEOJeUxVjxLIrl085m4o11PwEmyspcfK2ytCgwShk=
github.com/tabnas/jsonl/go v0.1.15 h1:Ya+3PGm55DYKMNIgMaUGLFP2zjXUgpksCT5W85f7SUQ=
github.com/tabnas/jsonl/go v0.1.15/go.mod h1:WGiucCjLT89MiNa/ShOLDaqZDXKCL2SMUoMv+bCshL8=
github.com/tabnas/markdown/go v0.7.11 h1:CiExY3giZDJoMWIlrtjMr0OHJl5mq9KQiU1XrlhyP88=
github.com/tabnas/markdown/go v0.7.11/go.mod h1:5yYSem8hetMWJLGXMGg/zStYpW9kMs080dw0JtQ+rk0=
github.com/tabnas/parser/go v0.12.11 h1:69KjAK/5qz1i4AcplOJltR6GGYxgxDsMxz6dGXI+5cQ=
github.com/tabnas/parser/go v0.12.11/go.mod h1:WrlfEVyZ1QjEIowWiyEu3K1iHj7wxuPut5zoH9Trehk=
github.com/tabnas/support/go v0.3.9 h1:tGaoMTNnPrBw9rtRqQZDmvHpkFgMiMzr3BibEKrtZkc=
github.com/tabnas/support/go v0.3.9/go.mod h1:q+EGPO8fRFQAYDwRHFH4lafD5l5W/NCdY8vhN9IJOkY=
github.com/tabnas/toml/go v0.5.15 h1:CQ07EmGixK2jfVz8qZTtRGZb1Wv8YfxL8KcU/DF6YK4=
github.com/tabnas/toml/go v0.5.15/go.mod h1:Ea369G/ZJ6kM9D6Wv8gglPyaMMw/7hYQrnyLNyASEJI=
github.com/tabnas/xml/go v0.7.15 h1:vp4VADgmwJ5QMSoU3yLcfZADSRMP0iNr4lFA+kBGGsE=
github.com/tabnas/xml/go v0.7.15/go.mod h1:VgzfCZ2xEsFYLEBc/JIbRBd8Vl0lHz1iGLR/XPQ2VhM=
github.com/tabnas/yaml/go v0.5.22 h1:uTMqC3l3jJPgQ9q/8u21TEvvm7LvJPcdZfmli/4jFEQ=
github.com/tabnas/yaml/go v0.5.22/go.mod h1:SvoH8cjj6h+lNCt080oyK+D5OSnam4PoG4gwYtOg/b0=
github.com/tabnas/zon/go v0.5.15 h1:jW9HG17HOAwrx74ninSJl7R3kE/wJIsGswtD8s9aRC8=
github.com/tabnas/zon/go v0.5.15/go.mod h1:9Jv2N3RMYep0nbCQfdsf7M0iNCYbnOvjTMBQsxgPH5U=
