github.com/tabnas/csv/go v0.5.11 h1:Jo6naBD2w25S2wxkgfpCKI1VZFIgSzY9t77QCiwSQys=
github.com/tabnas/csv/go v0.5.11/go.mod h1:y09J0hJTHDpjUTBRa7cbwCxveP/NYHceAC/AQIStyWQ=
github.com/tabnas/debug/go v0.3.9 h1:Lm1Vs1ELjrrOOA64ET5eBcaYBdHTokIEl2bqUfrCD44=
github.com/tabnas/debug/go v0.3.9/go.mod h1:fFEa1W74l4EHMiXC8eO8GApkSzx3ci62ORC38YOw4nI=
github.com/tabnas/feed/go v0.6.10 h1:5ECpqQ1s5Z+tW5w/pJc7jTbuU7FxwT730U7iNnT1d5Q=
github.com/tabnas/feed/go v0.6.10/go.mod h1:XmC8g2eJE3kGPpi6KWHlKfBHKyvF+KmlHYDmfiQAQto=
github.com/tabnas/hoover/go v0.3.10 h1:Yy0jYwxcMbcJitEF9KcTBL3gU+oe/KPUBCw40R4h6vw=
github.com/tabnas/hoover/go v0.3.10/go.mod h1:nF/7rGYl3RrLkVBfWUPDBe9LLnSUUuvU7JPlhXg+Fh0=
github.com/tabnas/ini/go v0.5.12 h1:9lCSkcQOEHnSVokxtgm66GhwmQBw9Vm6vEefSuK+cC8=
github.com/tabnas/ini/go v0.5.12/go.mod h1:dFaS/7EmC5+o1ul9jZrFDJDzp4NUqhVVnzlE83/Wzy4=
github.com/tabnas/json/go v0.5.11 h1:H/gMeZ9Z8F4QkkDpK2p0peBdQ3cpBZbe0gXayLqf0bM=
github.com/tabnas/json/go v0.5.11/go.mod h1:t8q/43LAbKKYDbsVurqeDZJzKRFkygOcLEGM7wqg9MU=
github.com/tabnas/json5/go v0.5.9 h1:DxzbYcDEPbo/uwPr1BAGMnXeKPWrarx2VTWB4Yg5vVA=
github.com/tabnas/json5/go v0.5.9/go.mod h1:g5UidRW/JQxKNZ/+7mS/xhlEYvluixlz1zWPn+zqOgk=
github.com/tabnas/jsonc/go v0.5.8 h1:KnJYrgtzHKKOATsSt2gukh7bzZBFRdq+823Uk64SQNo=
github.com/tabnas/jsonc/go v0.5.8/go.mod h1:A0n9MxwTU5fJ3SG7EV0jrro/9E5tzbqN0XuCIlfoiNg=
github.com/tabnas/jsonic/go v0.7.2 h1:16vRSsE+1k1WUVFkOLdxIFK3GqHruz99zI+pqJzYjK0=
github.com/tabnas/jsonic/go v0.7.2/go.mod h1:/C9BJ0XoYnZw0WHpVN1UbuMEdslA28XcMkIlhzO3bFk=
github.com/tabnas/jsonl/go v0.1.10 h1:h7wm9+GydImpLYvYQJuMU8s1nH/jhHIoE3KvRDNFKck=
github.com/tabnas/jsonl/go v0.1.10/go.mod h1:DdFvaTEj1e9Natghw9UmoL/LBmaw6raJx2Mfj7qohuM=
github.com/tabnas/markdown/go v0.7.6 h1:8AgfnWQtld7UWl5ptnMdslVnmuXFE2vgJrBRbkKvKR8=
github.com/tabnas/markdown/go v0.7.6/go.mod h1:OAbvGEfh8OKJteuuYDMXgWZOhV/LOP1tVEqZHP4Tz+M=
github.com/tabnas/parser/go v0.12.7 h1:CddVaQ7wIJmNqeRSRsZLObENwjefkhLs6ihCycOgjis=
github.com/tabnas/parser/go v0.12.7/go.mod h1:WrlfEVyZ1QjEIowWiyEu3K1iHj7wxuPut5zoH9Trehk=
github.com/tabnas/support/go v0.3.5 h1:BOjCXg7M+1DhNso2CTso6f/ED7n/q8IASVkrF5PDY9k=
github.com/tabnas/support/go v0.3.5/go.mod h1:q+EGPO8fRFQAYDwRHFH4lafD5l5W/NCdY8vhN9IJOkY=
github.com/tabnas/toml/go v0.5.9 h1:ktznmTEu9hTVVVMT9P9nceunOyc5vDxaYWZfht9wGPM=
github.com/tabnas/toml/go v0.5.9/go.mod h1:tVzy5xp+mnwYoGi1JDJG7afHRob8jtDUT0EapXRUmx0=
github.com/tabnas/xml/go v0.7.10 h1:pYMAb7Jh7QdZQ+UN/82BhbpXEx/SbMxyMI6F4iimd90=
github.com/tabnas/xml/go v0.7.10/go.mod h1:wbv6jLqDVZxQtqOLb2YBSL74evYg0fbSKGFHMrX3eBg=
github.com/tabnas/yaml/go v0.5.15 h1:V6h6BpjXe+GI4VYHkmPucPkYS3qeWirQKDkawy6Fu8Y=
github.com/tabnas/yaml/go v0.5.15/go.mod h1:5xhnMAkDw/0GqsQPNyYykYWHUcWxaWM4fGVvRzij34U=
github.com/tabnas/zon/go v0.5.10 h1:nlAr2fxZ5wQgDivM997lVGTzzuf9sRpPaxlgzoPUID4=
github.com/tabnas/zon/go v0.5.10/go.mod h1:tqpu0FNN5TwTIdwjTSK0lpZWQlsZLPw6g/HRLOosyHk=
