github.com/tabnas/alchemy/go v0.2.1 h1:SNcsDLCnZlwxowCDckRhQpU9i3KZfP210zhz21eWkrA=
github.com/tabnas/alchemy/go v0.2.1/go.mod h1:W8PmkbEmd7POsTERCRCgHTn8SUU1+52GNGmCSxVPlG8=
github.com/tabnas/csv/go v0.6.4 h1:86p9voQ9detze4WWtovw4JNoLO5uEXTCnB9g0nGZgKs=
github.com/tabnas/csv/go v0.6.4/go.mod h1:AMXhM9WPvZ5v3ITwLq4h1vBuYjjdSk58K+43od+Qc0w=
github.com/tabnas/debug/go v0.3.12 h1:RDoMmB5cMrMkyUe4E7NxvD1F6cm/+V+3b2KbCkx3YJw=
github.com/tabnas/debug/go v0.3.12/go.mod h1:56EICa97Dqr3N3AlOBv6KpS1/cvvro8O7yMmRwpfsVQ=
github.com/tabnas/feed/go v0.6.14 h1:hbiPkxVmj6sO3hViyY3jw0yAc3OyOfXn21gBr69Rjzc=
github.com/tabnas/feed/go v0.6.14/go.mod h1:V+A7BN4J5rIPAXawtrFCVDCHLF6TTCEqHNXfnsVfj8E=
github.com/tabnas/hoover/go v0.3.13 h1:PF0FxrVOTHUVoogEjgKm8EJNSX4OGCgipUPUtD8bjgY=
github.com/tabnas/hoover/go v0.3.13/go.mod h1:N67uxNVD1apaBxO2UO3h3mTpHKOIKVoXgJ4bmZvFxKg=
github.com/tabnas/ini/go v0.5.16 h1:geAcskDHRZgK8ksBCrw2cEBAtS7OMV+h7H4Hv2I4Ejg=
github.com/tabnas/ini/go v0.5.16/go.mod h1:S0tk4EfVbwRNN3F/EL3EPVR4hJH/H2UEisAhv2ajUBI=
github.com/tabnas/json/go v0.5.15 h1:afj+RUdnIHJXYyxNCpKHYn1mGosoJQ4RNlKksr3Qy6U=
github.com/tabnas/json/go v0.5.15/go.mod h1:YlVfFhec/aQRZLnIWcALaPab71ir3L1FwEUMSR0aAnw=
github.com/tabnas/json5/go v0.5.13 h1:wv3kV72tY5SQp3iDF1gFY+BexputAMB4g2zN/xFxLB4=
github.com/tabnas/json5/go v0.5.13/go.mod h1:OWgiEdyo3hKL3IXJ8TE/NF9m39fXGR+6jKv+O/pInH0=
github.com/tabnas/jsonc/go v0.5.12 h1:766I9KyP+lvpxRdM2VkjHhOK8172zi6EH9XSUIpIh60=
github.com/tabnas/jsonc/go v0.5.12/go.mod h1:PLniL/fgIHglwplW5ve0BcsyP86I8fPwZd4WIb2ZcnA=
github.com/tabnas/jsonic/go v0.7.6 h1:mdJREHpOflpxc4pq/g0A8A82D9Jbz2n4DC2GjswKPVw=
github.com/tabnas/jsonic/go v0.7.6/go.mod h1:gAeuh2O4PlkbwMoWZ7USzAOrS1j4OifR0uJVg2f3YeA=
github.com/tabnas/jsonl/go v0.1.14 h1:UJmedB+0slsiNFGeVXCCbvUGqksHZgT6M7SCn9iLRNs=
github.com/tabnas/jsonl/go v0.1.14/go.mod h1:8Sl0MO66Ms9tAwsqPJqsKFlLp1Gj9cHxZiORu18yz4M=
github.com/tabnas/markdown/go v0.7.10 h1:W0rHIleWCp0DtWiTtJUDoXAq/16S1gGbLKoLtwXENlE=
github.com/tabnas/markdown/go v0.7.10/go.mod h1:bQRWkolXQD391tC2HFDNtzAu06qex+aulxAHZOlhqa0=
github.com/tabnas/parser/go v0.12.10 h1:gfiVRv0+jm4EfKc7v0S79tR3mVULoLSYACHMc7xNNRs=
github.com/tabnas/parser/go v0.12.10/go.mod h1:WrlfEVyZ1QjEIowWiyEu3K1iHj7wxuPut5zoH9Trehk=
github.com/tabnas/support/go v0.3.8 h1:TFo5WX0m3yIwk91Xt42/vgFGhT7VIqyDEFVGT+Q+u5g=
github.com/tabnas/support/go v0.3.8/go.mod h1:q+EGPO8fRFQAYDwRHFH4lafD5l5W/NCdY8vhN9IJOkY=
github.com/tabnas/toml/go v0.5.14 h1:ClHhCzhF4IJPKPm4XJw5YLDRBs3coqyCLCRBw9fJT48=
github.com/tabnas/toml/go v0.5.14/go.mod h1:KmcnZVu93WxcGjchz137GWHElujSB4w4OUHSWqeAGeU=
github.com/tabnas/xml/go v0.7.14 h1:nrbPa6CJ5ejmQ8/OuH+R+/HPbrG9L15rGznTkgPdziU=
github.com/tabnas/xml/go v0.7.14/go.mod h1:+Q7e40AxObUNSZXbmwvp4CxcE/JAaMgJnPfwVE6iRok=
github.com/tabnas/yaml/go v0.5.21 h1:MSJviDaHC6rB1sh/lZlfZy800AGwetK8tBP2uPOkaQE=
github.com/tabnas/yaml/go v0.5.21/go.mod h1:cXHQpQOIVebCASLSjOZ8GOZImTabpFhOncJy3ioWIdk=
github.com/tabnas/zon/go v0.5.14 h1:1rTccbrSzTO3o9JPqiRW60N9xtmTzh6uMF96mjvOK9M=
github.com/tabnas/zon/go v0.5.14/go.mod h1:VTUrADvDqgTDtm2Z3XYKDJcWIYUjUDLaffR4QunzBPo=
